
Microsoft Visual Studio Solution File, Format Version 12.00
# Visual Studio Version 17
VisualStudioVersion = 17.3.32929.385
MinimumVisualStudioVersion = 10.0.40219.1
Project("{FAE04EC0-301F-11D3-BF4B-00C04F79EFBC}") = "Inlämningsuppgift 5.4", "Inlämningsuppgift 5.4\Inlämningsuppgift 5.4.csproj", "{DBA5F56A-79BC-4AD5-8ACA-CE6B581E13CE}"
EndProject
Global
	GlobalSection(SolutionConfigurationPlatforms) = preSolution
		Debug|Any CPU = Debug|Any CPU
		Release|Any CPU = Release|Any CPU
	EndGlobalSection
	GlobalSection(ProjectConfigurationPlatforms) = postSolution
		{DBA5F56A-79BC-4AD5-8ACA-CE6B581E13CE}.Debug|Any CPU.ActiveCfg = Debug|Any CPU
		{DBA5F56A-79BC-4AD5-8ACA-CE6B581E13CE}.Debug|Any CPU.Build.0 = Debug|Any CPU
		{DBA5F56A-79BC-4AD5-8ACA-CE6B581E13CE}.Release|Any CPU.ActiveCfg = Release|Any CPU
		{DBA5F56A-79BC-4AD5-8ACA-CE6B581E13CE}.Release|Any CPU.Build.0 = Release|Any CPU
	EndGlobalSection
	GlobalSection(SolutionProperties) = preSolution
		HideSolutionNode = FALSE
	EndGlobalSection
	GlobalSection(ExtensibilityGlobals) = postSolution
		SolutionGuid = {57FD10DE-CD66-4161-AA45-D8B9FB294489}
	EndGlobalSection
EndGlobal
